# -------------------------------------------------------------------------- #
#
# Copyright (C) 2024  Intel Corporation. All rights reserved.
# Your use of Intel Corporation's design tools, logic functions 
# and other software and tools, and any partner logic 
# functions, and any output files from any of the foregoing 
# (including device programming or simulation files), and any 
# associated documentation or information are expressly subject 
# to the terms and conditions of the Intel Program License 
# Subscription Agreement, the Intel Quartus Prime License Agreement,
# the Intel FPGA IP License Agreement, or other applicable license
# agreement, including, without limitation, that your use is for
# the sole purpose of programming logic devices manufactured by
# Intel and sold by Intel or its authorized distributors.  Please
# refer to the applicable agreement for further details, at
# https://fpgasoftware.intel.com/eula.
#
# -------------------------------------------------------------------------- #
#
# Quartus Prime
# Version 23.1std.1 Build 993 05/14/2024 SC Lite Edition
# Date created = 16:10:40  May 21, 2026
#
# -------------------------------------------------------------------------- #
#
# Notes:
#
# 1) The default values for assignments are stored in the file:
#		riscv_aes_advancements_assignment_defaults.qdf
#    If this file doesn't exist, see file:
#		assignment_defaults.qdf
#
# 2) Intel recommends that you do not modify this file. This
#    file is updated automatically by the Quartus Prime software
#    and any changes you make may be lost or overwritten.
#
# -------------------------------------------------------------------------- #


set_global_assignment -name FAMILY "Cyclone V"
set_global_assignment -name DEVICE 5CGXFC7C7F23C8
set_global_assignment -name TOP_LEVEL_ENTITY riscv_aes_advancements
set_global_assignment -name ORIGINAL_QUARTUS_VERSION 23.1STD.1
set_global_assignment -name PROJECT_CREATION_TIME_DATE "16:10:40  MAY 21, 2026"
set_global_assignment -name LAST_QUARTUS_VERSION "23.1std.1 Lite Edition"
set_global_assignment -name PROJECT_OUTPUT_DIRECTORY ../../Build/Quartus
set_global_assignment -name NUM_PARALLEL_PROCESSORS 2
set_global_assignment -name SDC_FILE riscv_aes_advancements.sdc
set_global_assignment -name SYSTEMVERILOG_FILE ../../RTL/Top/riscv_aes_advancements.sv
set_global_assignment -name SYSTEMVERILOG_FILE ../../RTL/CPU/pc_reg.sv
set_global_assignment -name SYSTEMVERILOG_FILE ../../RTL/CPU/if_stage.sv
set_global_assignment -name SYSTEMVERILOG_FILE ../../RTL/CPU/instr_mem.sv
set_global_assignment -name SYSTEMVERILOG_FILE ../../RTL/CPU/id_stage.sv
set_global_assignment -name SYSTEMVERILOG_FILE ../../RTL/CPU/reg_file.sv
set_global_assignment -name SYSTEMVERILOG_FILE ../../RTL/CPU/imm_gen.sv
set_global_assignment -name SYSTEMVERILOG_FILE ../../RTL/CPU/control_unit.sv
set_global_assignment -name SYSTEMVERILOG_FILE ../../RTL/CPU/hazard_unit.sv
set_global_assignment -name SYSTEMVERILOG_FILE ../../RTL/CPU/forwarding_unit.sv
set_global_assignment -name SYSTEMVERILOG_FILE ../../RTL/CPU/ex_stage.sv
set_global_assignment -name SYSTEMVERILOG_FILE ../../RTL/CPU/alu.sv
set_global_assignment -name SYSTEMVERILOG_FILE ../../RTL/CPU/mem_stage.sv
set_global_assignment -name SYSTEMVERILOG_FILE ../../RTL/CPU/load_store_unit.sv
set_global_assignment -name SYSTEMVERILOG_FILE ../../RTL/CPU/data_mem.sv
set_global_assignment -name SYSTEMVERILOG_FILE ../../RTL/AES/aes_mmio.sv
set_global_assignment -name SYSTEMVERILOG_FILE ../../RTL/AES/Reusable/00_aes128_top.sv
set_global_assignment -name SYSTEMVERILOG_FILE ../../RTL/AES/Reusable/01_aes_sbox_rom.sv
set_global_assignment -name SYSTEMVERILOG_FILE ../../RTL/AES/Reusable/02_aes_sbox_seq.sv
set_global_assignment -name SYSTEMVERILOG_FILE ../../RTL/AES/Reusable/03_aes_mix_columns_seq.sv
set_global_assignment -name SYSTEMVERILOG_FILE ../../RTL/AES/Reusable/04_aes_key_expand_seq.sv
set_global_assignment -name SYSTEMVERILOG_FILE ../../RTL/AES/aes128_lowpower.sv
set_global_assignment -name SYSTEMVERILOG_FILE ../../RTL/Peripherals/uart_tx.sv
set_global_assignment -name SYSTEMVERILOG_FILE ../../RTL/Peripherals/uart_mmio.sv
set_global_assignment -name SYSTEMVERILOG_FILE ../../RTL/Peripherals/sensor_mmio.sv
set_global_assignment -name SYSTEMVERILOG_FILE ../../RTL/Peripherals/sensor_spi_mmio.sv
set_global_assignment -name SYSTEMVERILOG_FILE ../../RTL/Peripherals/simple_intc.sv
set_global_assignment -name SYSTEMVERILOG_FILE ../../RTL/Peripherals/dma_lite.sv
set_global_assignment -name SYSTEMVERILOG_FILE ../../RTL/CAN/canfd_secoc_mmio.sv
set_global_assignment -name SYSTEMVERILOG_FILE ../../RTL/CAN/can_ids_mmio.sv
set_global_assignment -name SYSTEMVERILOG_FILE ../../RTL/Peripherals/power_mgmt_mmio.sv
set_global_assignment -name SYSTEMVERILOG_FILE ../../RTL/CPU/wb_stage.sv
set_global_assignment -name QIP_FILE ../../IP/sensor_spi_ip/sensor_spi_ip.qip
set_global_assignment -name ERROR_CHECK_FREQUENCY_DIVISOR 256
set_global_assignment -name PARTITION_NETLIST_TYPE SOURCE -section_id Top
set_global_assignment -name PARTITION_FITTER_PRESERVATION_LEVEL PLACEMENT_AND_ROUTING -section_id Top
set_global_assignment -name PARTITION_COLOR 16764057 -section_id Top
set_global_assignment -name MIN_CORE_JUNCTION_TEMP 0
set_global_assignment -name MAX_CORE_JUNCTION_TEMP 85
set_global_assignment -name POWER_PRESET_COOLING_SOLUTION "23 MM HEAT SINK WITH 200 LFPM AIRFLOW"
set_global_assignment -name POWER_BOARD_THERMAL_MODEL "NONE (CONSERVATIVE)"
set_global_assignment -name EDA_SIMULATION_TOOL "<None>"
set_global_assignment -name EDA_OUTPUT_DATA_FORMAT NONE -section_id eda_simulation
set_global_assignment -name EDA_DESIGN_INSTANCE_NAME NA -section_id riscv_core_tb
set_global_assignment -name EDA_TEST_BENCH_MODULE_NAME riscv_core_tb -section_id riscv_core_tb
set_global_assignment -name EDA_TEST_BENCH_FILE ../../Testbench/riscv_core_tb.sv -section_id riscv_core_tb





set_instance_assignment -name PARTITION_HIERARCHY root_partition -to | -section_id Top
